
Microsoft Visual Studio Solution File, Format Version 12.00
# Visual Studio Version 17
VisualStudioVersion = 17.4.33103.184
MinimumVisualStudioVersion = 10.0.40219.1
Project("{2150E333-8FDC-42A3-9474-1A3956D46DE8}") = "Solution Items", "Solution Items", "{C0797683-4134-413F-960F-808BB92F06C6}"
	ProjectSection(SolutionItems) = preProject
		Parcial.sql = Parcial.sql
	EndProjectSection
EndProject
Project("{FAE04EC0-301F-11D3-BF4B-00C04F79EFBC}") = "Modelo2", "Modelo2\Modelo2.csproj", "{55633EE5-7032-40F3-8CE9-D8E8B1EF5095}"
EndProject
Project("{FAE04EC0-301F-11D3-BF4B-00C04F79EFBC}") = "Controladora2", "Controladora2\Controladora2.csproj", "{171C0A59-836B-4B7A-A4E1-412F743131CD}"
EndProject
Project("{FAE04EC0-301F-11D3-BF4B-00C04F79EFBC}") = "Vista2", "Vista2\Vista2.csproj", "{4A1602B9-79A3-4AD8-8D1C-1D09006DDC7C}"
EndProject
Global
	GlobalSection(SolutionConfigurationPlatforms) = preSolution
		Debug|Any CPU = Debug|Any CPU
		Release|Any CPU = Release|Any CPU
	EndGlobalSection
	GlobalSection(ProjectConfigurationPlatforms) = postSolution
		{55633EE5-7032-40F3-8CE9-D8E8B1EF5095}.Debug|Any CPU.ActiveCfg = Debug|Any CPU
		{55633EE5-7032-40F3-8CE9-D8E8B1EF5095}.Debug|Any CPU.Build.0 = Debug|Any CPU
		{55633EE5-7032-40F3-8CE9-D8E8B1EF5095}.Release|Any CPU.ActiveCfg = Release|Any CPU
		{55633EE5-7032-40F3-8CE9-D8E8B1EF5095}.Release|Any CPU.Build.0 = Release|Any CPU
		{171C0A59-836B-4B7A-A4E1-412F743131CD}.Debug|Any CPU.ActiveCfg = Debug|Any CPU
		{171C0A59-836B-4B7A-A4E1-412F743131CD}.Debug|Any CPU.Build.0 = Debug|Any CPU
		{171C0A59-836B-4B7A-A4E1-412F743131CD}.Release|Any CPU.ActiveCfg = Release|Any CPU
		{171C0A59-836B-4B7A-A4E1-412F743131CD}.Release|Any CPU.Build.0 = Release|Any CPU
		{4A1602B9-79A3-4AD8-8D1C-1D09006DDC7C}.Debug|Any CPU.ActiveCfg = Debug|Any CPU
		{4A1602B9-79A3-4AD8-8D1C-1D09006DDC7C}.Debug|Any CPU.Build.0 = Debug|Any CPU
		{4A1602B9-79A3-4AD8-8D1C-1D09006DDC7C}.Release|Any CPU.ActiveCfg = Release|Any CPU
		{4A1602B9-79A3-4AD8-8D1C-1D09006DDC7C}.Release|Any CPU.Build.0 = Release|Any CPU
	EndGlobalSection
	GlobalSection(SolutionProperties) = preSolution
		HideSolutionNode = FALSE
	EndGlobalSection
	GlobalSection(ExtensibilityGlobals) = postSolution
		SolutionGuid = {3FA720DA-1B32-4259-862B-2ABE7725D7B9}
	EndGlobalSection
EndGlobal
